
Microsoft Visual Studio Solution File, Format Version 12.00
# Visual Studio Version 16
VisualStudioVersion = 16.0.31025.194
MinimumVisualStudioVersion = 10.0.40219.1
Project("{2150E333-8FDC-42A3-9474-1A3956D46DE8}") = "CreationalDesignPatterns", "CreationalDesignPatterns", "{D33A5134-69F0-47D0-87AB-8B57914156B4}"
EndProject
Project("{9A19103F-16F7-4668-BE54-9A1E7A4F7556}") = "Builder", "CreationalDesignPatterns\Builder\Builder.csproj", "{E3063177-7567-47A9-AA8D-58A78C2AEE06}"
EndProject
Project("{2150E333-8FDC-42A3-9474-1A3956D46DE8}") = "SOLID", "SOLID", "{788C58ED-8ACA-4BAF-8968-202868D4A0CE}"
EndProject
Project("{9A19103F-16F7-4668-BE54-9A1E7A4F7556}") = "SingleResponsibilityPrinciple", "SOLID\SingleResponsibilityPrinciple\SingleResponsibilityPrinciple.csproj", "{2A534ADF-4258-4355-A4DE-869A40EEB8CD}"
EndProject
Project("{2150E333-8FDC-42A3-9474-1A3956D46DE8}") = "StructuralDesignPatterns", "StructuralDesignPatterns", "{DD7A13EC-566A-4EB8-90E5-01FA0976DBAC}"
EndProject
Project("{9A19103F-16F7-4668-BE54-9A1E7A4F7556}") = "Bridge", "StructuralDesignPatterns\Bridge\Bridge.csproj", "{B4C92980-8001-4DF5-8EEF-6A1C5F50B0BA}"
EndProject
Project("{9A19103F-16F7-4668-BE54-9A1E7A4F7556}") = "Composite", "StructuralDesignPatterns\Composite\Composite.csproj", "{45781072-695B-4C1E-A054-49C6F60AC693}"
EndProject
Project("{2150E333-8FDC-42A3-9474-1A3956D46DE8}") = "BehavioralDesignPatterns", "BehavioralDesignPatterns", "{471A553C-1055-498D-887C-C7C7FD5950D9}"
EndProject
Project("{9A19103F-16F7-4668-BE54-9A1E7A4F7556}") = "ChainOfResponsibility", "BehavioralDesignPatterns\ChainOfResponsibility\ChainOfResponsibility.csproj", "{7EF995FA-3EE8-40CD-9C6E-B31153033F98}"
EndProject
Project("{9A19103F-16F7-4668-BE54-9A1E7A4F7556}") = "FactoryMethod", "CreationalDesignPatterns\FactoryMethod\FactoryMethod.csproj", "{20D64805-7F91-4323-9247-E7C43F9C971F}"
EndProject
Project("{9A19103F-16F7-4668-BE54-9A1E7A4F7556}") = "Abstract Factory", "CreationalDesignPatterns\Abstract Factory\Abstract Factory.csproj", "{AE22CE56-0D58-4BB8-AF62-097F3622F812}"
EndProject
Project("{9A19103F-16F7-4668-BE54-9A1E7A4F7556}") = "Prototype", "CreationalDesignPatterns\Prototype\Prototype.csproj", "{E9458A54-F816-4DB4-BB8F-841762D8F7B2}"
EndProject
Project("{9A19103F-16F7-4668-BE54-9A1E7A4F7556}") = "Singleton", "CreationalDesignPatterns\Singleton\Singleton.csproj", "{44CEB5C0-D022-4BEB-9865-FF0F3148D1F9}"
EndProject
Project("{9A19103F-16F7-4668-BE54-9A1E7A4F7556}") = "Strategy", "BehavioralDesignPatterns\ConsoleApp1\Strategy.csproj", "{199ADABD-E87D-4E36-8FA5-8F3949EB84D1}"
EndProject
Project("{9A19103F-16F7-4668-BE54-9A1E7A4F7556}") = "Observer", "BehavioralDesignPatterns\Observer\Observer.csproj", "{CCFCB7B1-D73C-4C71-86B4-8860DE6A2DC6}"
EndProject
Project("{FAE04EC0-301F-11D3-BF4B-00C04F79EFBC}") = "Mediator", "BehavioralDesignPatterns\Mediator\Mediator.csproj", "{113E74CD-636A-4163-852A-78AB4417C557}"
EndProject
Global
	GlobalSection(SolutionConfigurationPlatforms) = preSolution
		Debug|Any CPU = Debug|Any CPU
		Release|Any CPU = Release|Any CPU
	EndGlobalSection
	GlobalSection(ProjectConfigurationPlatforms) = postSolution
		{E3063177-7567-47A9-AA8D-58A78C2AEE06}.Debug|Any CPU.ActiveCfg = Debug|Any CPU
		{E3063177-7567-47A9-AA8D-58A78C2AEE06}.Debug|Any CPU.Build.0 = Debug|Any CPU
		{E3063177-7567-47A9-AA8D-58A78C2AEE06}.Release|Any CPU.ActiveCfg = Release|Any CPU
		{E3063177-7567-47A9-AA8D-58A78C2AEE06}.Release|Any CPU.Build.0 = Release|Any CPU
		{2A534ADF-4258-4355-A4DE-869A40EEB8CD}.Debug|Any CPU.ActiveCfg = Debug|Any CPU
		{2A534ADF-4258-4355-A4DE-869A40EEB8CD}.Debug|Any CPU.Build.0 = Debug|Any CPU
		{2A534ADF-4258-4355-A4DE-869A40EEB8CD}.Release|Any CPU.ActiveCfg = Release|Any CPU
		{2A534ADF-4258-4355-A4DE-869A40EEB8CD}.Release|Any CPU.Build.0 = Release|Any CPU
		{B4C92980-8001-4DF5-8EEF-6A1C5F50B0BA}.Debug|Any CPU.ActiveCfg = Debug|Any CPU
		{B4C92980-8001-4DF5-8EEF-6A1C5F50B0BA}.Debug|Any CPU.Build.0 = Debug|Any CPU
		{B4C92980-8001-4DF5-8EEF-6A1C5F50B0BA}.Release|Any CPU.ActiveCfg = Release|Any CPU
		{B4C92980-8001-4DF5-8EEF-6A1C5F50B0BA}.Release|Any CPU.Build.0 = Release|Any CPU
		{45781072-695B-4C1E-A054-49C6F60AC693}.Debug|Any CPU.ActiveCfg = Debug|Any CPU
		{45781072-695B-4C1E-A054-49C6F60AC693}.Debug|Any CPU.Build.0 = Debug|Any CPU
		{45781072-695B-4C1E-A054-49C6F60AC693}.Release|Any CPU.ActiveCfg = Release|Any CPU
		{45781072-695B-4C1E-A054-49C6F60AC693}.Release|Any CPU.Build.0 = Release|Any CPU
		{7EF995FA-3EE8-40CD-9C6E-B31153033F98}.Debug|Any CPU.ActiveCfg = Debug|Any CPU
		{7EF995FA-3EE8-40CD-9C6E-B31153033F98}.Debug|Any CPU.Build.0 = Debug|Any CPU
		{7EF995FA-3EE8-40CD-9C6E-B31153033F98}.Release|Any CPU.ActiveCfg = Release|Any CPU
		{7EF995FA-3EE8-40CD-9C6E-B31153033F98}.Release|Any CPU.Build.0 = Release|Any CPU
		{20D64805-7F91-4323-9247-E7C43F9C971F}.Debug|Any CPU.ActiveCfg = Debug|Any CPU
		{20D64805-7F91-4323-9247-E7C43F9C971F}.Debug|Any CPU.Build.0 = Debug|Any CPU
		{20D64805-7F91-4323-9247-E7C43F9C971F}.Release|Any CPU.ActiveCfg = Release|Any CPU
		{20D64805-7F91-4323-9247-E7C43F9C971F}.Release|Any CPU.Build.0 = Release|Any CPU
		{AE22CE56-0D58-4BB8-AF62-097F3622F812}.Debug|Any CPU.ActiveCfg = Debug|Any CPU
		{AE22CE56-0D58-4BB8-AF62-097F3622F812}.Debug|Any CPU.Build.0 = Debug|Any CPU
		{AE22CE56-0D58-4BB8-AF62-097F3622F812}.Release|Any CPU.ActiveCfg = Release|Any CPU
		{AE22CE56-0D58-4BB8-AF62-097F3622F812}.Release|Any CPU.Build.0 = Release|Any CPU
		{E9458A54-F816-4DB4-BB8F-841762D8F7B2}.Debug|Any CPU.ActiveCfg = Debug|Any CPU
		{E9458A54-F816-4DB4-BB8F-841762D8F7B2}.Debug|Any CPU.Build.0 = Debug|Any CPU
		{E9458A54-F816-4DB4-BB8F-841762D8F7B2}.Release|Any CPU.ActiveCfg = Release|Any CPU
		{E9458A54-F816-4DB4-BB8F-841762D8F7B2}.Release|Any CPU.Build.0 = Release|Any CPU
		{44CEB5C0-D022-4BEB-9865-FF0F3148D1F9}.Debug|Any CPU.ActiveCfg = Debug|Any CPU
		{44CEB5C0-D022-4BEB-9865-FF0F3148D1F9}.Debug|Any CPU.Build.0 = Debug|Any CPU
		{44CEB5C0-D022-4BEB-9865-FF0F3148D1F9}.Release|Any CPU.ActiveCfg = Release|Any CPU
		{44CEB5C0-D022-4BEB-9865-FF0F3148D1F9}.Release|Any CPU.Build.0 = Release|Any CPU
		{199ADABD-E87D-4E36-8FA5-8F3949EB84D1}.Debug|Any CPU.ActiveCfg = Debug|Any CPU
		{199ADABD-E87D-4E36-8FA5-8F3949EB84D1}.Debug|Any CPU.Build.0 = Debug|Any CPU
		{199ADABD-E87D-4E36-8FA5-8F3949EB84D1}.Release|Any CPU.ActiveCfg = Release|Any CPU
		{199ADABD-E87D-4E36-8FA5-8F3949EB84D1}.Release|Any CPU.Build.0 = Release|Any CPU
		{CCFCB7B1-D73C-4C71-86B4-8860DE6A2DC6}.Debug|Any CPU.ActiveCfg = Debug|Any CPU
		{CCFCB7B1-D73C-4C71-86B4-8860DE6A2DC6}.Debug|Any CPU.Build.0 = Debug|Any CPU
		{CCFCB7B1-D73C-4C71-86B4-8860DE6A2DC6}.Release|Any CPU.ActiveCfg = Release|Any CPU
		{CCFCB7B1-D73C-4C71-86B4-8860DE6A2DC6}.Release|Any CPU.Build.0 = Release|Any CPU
		{113E74CD-636A-4163-852A-78AB4417C557}.Debug|Any CPU.ActiveCfg = Debug|Any CPU
		{113E74CD-636A-4163-852A-78AB4417C557}.Debug|Any CPU.Build.0 = Debug|Any CPU
		{113E74CD-636A-4163-852A-78AB4417C557}.Release|Any CPU.ActiveCfg = Release|Any CPU
		{113E74CD-636A-4163-852A-78AB4417C557}.Release|Any CPU.Build.0 = Release|Any CPU
	EndGlobalSection
	GlobalSection(SolutionProperties) = preSolution
		HideSolutionNode = FALSE
	EndGlobalSection
	GlobalSection(NestedProjects) = preSolution
		{E3063177-7567-47A9-AA8D-58A78C2AEE06} = {D33A5134-69F0-47D0-87AB-8B57914156B4}
		{2A534ADF-4258-4355-A4DE-869A40EEB8CD} = {788C58ED-8ACA-4BAF-8968-202868D4A0CE}
		{B4C92980-8001-4DF5-8EEF-6A1C5F50B0BA} = {DD7A13EC-566A-4EB8-90E5-01FA0976DBAC}
		{45781072-695B-4C1E-A054-49C6F60AC693} = {DD7A13EC-566A-4EB8-90E5-01FA0976DBAC}
		{7EF995FA-3EE8-40CD-9C6E-B31153033F98} = {471A553C-1055-498D-887C-C7C7FD5950D9}
		{20D64805-7F91-4323-9247-E7C43F9C971F} = {D33A5134-69F0-47D0-87AB-8B57914156B4}
		{AE22CE56-0D58-4BB8-AF62-097F3622F812} = {D33A5134-69F0-47D0-87AB-8B57914156B4}
		{E9458A54-F816-4DB4-BB8F-841762D8F7B2} = {D33A5134-69F0-47D0-87AB-8B57914156B4}
		{44CEB5C0-D022-4BEB-9865-FF0F3148D1F9} = {D33A5134-69F0-47D0-87AB-8B57914156B4}
		{199ADABD-E87D-4E36-8FA5-8F3949EB84D1} = {471A553C-1055-498D-887C-C7C7FD5950D9}
		{CCFCB7B1-D73C-4C71-86B4-8860DE6A2DC6} = {471A553C-1055-498D-887C-C7C7FD5950D9}
		{113E74CD-636A-4163-852A-78AB4417C557} = {471A553C-1055-498D-887C-C7C7FD5950D9}
	EndGlobalSection
	GlobalSection(ExtensibilityGlobals) = postSolution
		SolutionGuid = {F612ED52-1CB1-4573-B717-B459E2681C10}
	EndGlobalSection
EndGlobal
